{
  "lockfileVersion": 1,
  "workspaces": {
    "": {
      "name": "base-ts",
      "dependencies": {
        "@types/node": "^22.13.2",
        "sst": "3.8.8",
      },
    },
  },
  "packages": {
    "@types/node": ["@types/node@22.13.2", "", { "dependencies": { "undici-types": "~6.20.0" } }, "sha512-Z+r8y3XL9ZpI2EY52YYygAFmo2/oWfNSj4BCpAXE2McAexDk8VcnBMGC9Djn9gTKt4d2T/hhXqmPzo4hfIXtTg=="],

    "aws4fetch": ["aws4fetch@1.0.20", "", {}, "sha512-/djoAN709iY65ETD6LKCtyyEI04XIBP5xVvfmNxsEP0uJB5tyaGBztSryRr4HqMStr9R06PisQE7m9zDTXKu6g=="],

    "jose": ["jose@5.2.3", "", {}, "sha512-KUXdbctm1uHVL8BYhnyHkgp3zDX5KW8ZhAKVFEfUbU2P8Alpzjb+48hHvjOdQIyPshoblhzsuqOwEEAbtHVirA=="],

    "lru-cache": ["lru-cache@6.0.0", "", { "dependencies": { "yallist": "^4.0.0" } }, "sha512-Jo6dJ04CmSjuznwJSS3pUeWmd/H0ffTlkXXgwZi+eq1UCmqQwCh+eLsYOYCwY991i2Fah4h1BEMCx4qThGbsiA=="],

    "object-hash": ["object-hash@2.2.0", "", {}, "sha512-gScRMn0bS5fH+IuwyIFgnh9zBdo4DV+6GhygmWM9HyNJSgS0hScp1f5vjtm7oIIOiT9trXrShAkLFSc2IqKNgw=="],

    "oidc-token-hash": ["oidc-token-hash@5.0.3", "", {}, "sha512-IF4PcGgzAr6XXSff26Sk/+P4KZFJVuHAJZj3wgO3vX2bMdNVp/QXTP3P7CEm9V1IdG8lDLY3HhiqpsE/nOwpPw=="],

    "openid-client": ["openid-client@5.6.4", "", { "dependencies": { "jose": "^4.15.4", "lru-cache": "^6.0.0", "object-hash": "^2.2.0", "oidc-token-hash": "^5.0.3" } }, "sha512-T1h3B10BRPKfcObdBklX639tVz+xh34O7GjofqrqiAQdm7eHsQ00ih18x6wuJ/E6FxdtS2u3FmUGPDeEcMwzNA=="],

    "sst": ["sst@3.8.8", "", { "dependencies": { "aws4fetch": "^1.0.18", "jose": "5.2.3", "openid-client": "5.6.4" }, "optionalDependencies": { "sst-darwin-arm64": "3.8.8", "sst-darwin-x64": "3.8.8", "sst-linux-arm64": "3.8.8", "sst-linux-x64": "3.8.8", "sst-linux-x86": "3.8.8" }, "bin": { "sst": "bin/sst.mjs" } }, "sha512-1de39fi3m2TdY2v/C/58qRx1fXbM8Nmg2+7B7J2fXabYTxYRP/ky3K7Jk/9aS649U5iI2Gmnvs3ltW7wO1/8FA=="],

    "sst-darwin-arm64": ["sst-darwin-arm64@3.8.8", "", { "os": "darwin", "cpu": "arm64" }, "sha512-FJyYk63zZ89pXf/PZnZrOHTU9reuP2IE6kdFlakxukS0SX2sGHv0BXkoiS1f+9p3VDf+74+VKDrZGn1ECIiNmA=="],

    "sst-darwin-x64": ["sst-darwin-x64@3.8.8", "", { "os": "darwin", "cpu": "x64" }, "sha512-0jNpXXkSW1pGI5vVg2je8mlmCegjJJmWVSrUXb6wJqSVYySuoZIwqQB5jvCePts3YM+/NnW5INeUFurbC6j/dQ=="],

    "sst-linux-arm64": ["sst-linux-arm64@3.8.8", "", { "os": "linux", "cpu": "arm64" }, "sha512-vl/H5EDkHeFW2nnOIEOUV/oNE4ns/I1F/KtK/faDY2VotxuPjT3Uvtqdg1A2mItvyx1FKwI8/KgP9CytVagRrw=="],

    "sst-linux-x64": ["sst-linux-x64@3.8.8", "", { "os": "linux", "cpu": "x64" }, "sha512-S+iCcFhtGqK5px0+oJxic5TSHLZdulWfy+qYzSMl+e3evQGIcJmwHjLuEwlmyuwwgs0+dZYt9NYhLTKyUThLDA=="],

    "sst-linux-x86": ["sst-linux-x86@3.8.8", "", { "os": "linux", "cpu": "none" }, "sha512-lfGHfbL7U196Y8MtqCvBNOz9qaNsWGldPj6HLR6KsW5LTNxFYYehGVebB+tj0uK3gjWPou1bGPASt9/Q69VwIQ=="],

    "undici-types": ["undici-types@6.20.0", "", {}, "sha512-Ny6QZ2Nju20vw1SRHe3d9jVu6gJ+4e3+MMpqu7pqE5HT6WsTSlce++GQmK5UXS8mzV8DSYHrQH+Xrf2jVcuKNg=="],

    "yallist": ["yallist@4.0.0", "", {}, "sha512-3wdGidZyq5PB084XLES5TpOSRA3wjXAlIWMhum2kRcv/41Sn2emQ0dycQW4uZXLejwKvg6EsvbdlVL+FYEct7A=="],

    "openid-client/jose": ["jose@4.15.9", "", {}, "sha512-1vUQX+IdDMVPj4k8kOxgUqlcK518yluMuGZwqlr44FS1ppZB/5GWh4rZG89erpOBOJjU/OBsnCVFfapsRz6nEA=="],
  }
}
